
Microsoft Visual Studio Solution File, Format Version 12.00
# Visual Studio Version 16
VisualStudioVersion = 16.0.29409.12
MinimumVisualStudioVersion = 15.0.26124.0
Project("{9A19103F-16F7-4668-BE54-9A1E7A4F7556}") = "API", "API\API.csproj", "{44755AA6-431C-4C54-A6E3-290A12F1210D}"
EndProject
Project("{FAE04EC0-301F-11D3-BF4B-00C04F79EFBC}") = "API.Tests", "API.Tests\API.Tests.csproj", "{996E5A9C-A623-48D4-9096-938F7F33666B}"
EndProject
Global
	GlobalSection(SolutionConfigurationPlatforms) = preSolution
		Debug|Any CPU = Debug|Any CPU
		Debug|x64 = Debug|x64
		Debug|x86 = Debug|x86
		Release|Any CPU = Release|Any CPU
		Release|x64 = Release|x64
		Release|x86 = Release|x86
	EndGlobalSection
	GlobalSection(ProjectConfigurationPlatforms) = postSolution
		{44755AA6-431C-4C54-A6E3-290A12F1210D}.Debug|Any CPU.ActiveCfg = Debug|Any CPU
		{44755AA6-431C-4C54-A6E3-290A12F1210D}.Debug|Any CPU.Build.0 = Debug|Any CPU
		{44755AA6-431C-4C54-A6E3-290A12F1210D}.Debug|x64.ActiveCfg = Debug|Any CPU
		{44755AA6-431C-4C54-A6E3-290A12F1210D}.Debug|x64.Build.0 = Debug|Any CPU
		{44755AA6-431C-4C54-A6E3-290A12F1210D}.Debug|x86.ActiveCfg = Debug|Any CPU
		{44755AA6-431C-4C54-A6E3-290A12F1210D}.Debug|x86.Build.0 = Debug|Any CPU
		{44755AA6-431C-4C54-A6E3-290A12F1210D}.Release|Any CPU.ActiveCfg = Release|Any CPU
		{44755AA6-431C-4C54-A6E3-290A12F1210D}.Release|Any CPU.Build.0 = Release|Any CPU
		{44755AA6-431C-4C54-A6E3-290A12F1210D}.Release|x64.ActiveCfg = Release|Any CPU
		{44755AA6-431C-4C54-A6E3-290A12F1210D}.Release|x64.Build.0 = Release|Any CPU
		{44755AA6-431C-4C54-A6E3-290A12F1210D}.Release|x86.ActiveCfg = Release|Any CPU
		{44755AA6-431C-4C54-A6E3-290A12F1210D}.Release|x86.Build.0 = Release|Any CPU
		{996E5A9C-A623-48D4-9096-938F7F33666B}.Debug|Any CPU.ActiveCfg = Debug|Any CPU
		{996E5A9C-A623-48D4-9096-938F7F33666B}.Debug|Any CPU.Build.0 = Debug|Any CPU
		{996E5A9C-A623-48D4-9096-938F7F33666B}.Debug|x64.ActiveCfg = Debug|Any CPU
		{996E5A9C-A623-48D4-9096-938F7F33666B}.Debug|x64.Build.0 = Debug|Any CPU
		{996E5A9C-A623-48D4-9096-938F7F33666B}.Debug|x86.ActiveCfg = Debug|Any CPU
		{996E5A9C-A623-48D4-9096-938F7F33666B}.Debug|x86.Build.0 = Debug|Any CPU
		{996E5A9C-A623-48D4-9096-938F7F33666B}.Release|Any CPU.ActiveCfg = Release|Any CPU
		{996E5A9C-A623-48D4-9096-938F7F33666B}.Release|Any CPU.Build.0 = Release|Any CPU
		{996E5A9C-A623-48D4-9096-938F7F33666B}.Release|x64.ActiveCfg = Release|Any CPU
		{996E5A9C-A623-48D4-9096-938F7F33666B}.Release|x64.Build.0 = Release|Any CPU
		{996E5A9C-A623-48D4-9096-938F7F33666B}.Release|x86.ActiveCfg = Release|Any CPU
		{996E5A9C-A623-48D4-9096-938F7F33666B}.Release|x86.Build.0 = Release|Any CPU
	EndGlobalSection
	GlobalSection(SolutionProperties) = preSolution
		HideSolutionNode = FALSE
	EndGlobalSection
	GlobalSection(ExtensibilityGlobals) = postSolution
		SolutionGuid = {C63E1ACB-CB57-4B96-95F5-240A4C9DA5FF}
	EndGlobalSection
EndGlobal
